<?xml version="1.0" encoding="UTF-8"?>
<CodeBlocks_project_file>
	<FileVersion major="1" minor="6"/>
	<Project>
		<Option title="gravity"/>
		<Option makefile_is_custom="1"/>
		<Option compiler="gcc"/>
		<Option virtualFolders="CMake Files\;"/>
		<Build>
			<Target title="all">
				<Option working_dir="/home/arnaud/dev/TutorialCpp/build-gravity"/>
				<Option type="4"/>
				<MakeCommands>
					<Build command="/usr/bin/ninja -v all"/>
					<CompileFile command="/usr/bin/ninja -v &quot;$file&quot;"/>
					<Clean command="/usr/bin/ninja -v clean"/>
					<DistClean command="/usr/bin/ninja -v clean"/>
				</MakeCommands>
			</Target>
			<Target title="rebuild_cache">
				<Option working_dir="/home/arnaud/dev/TutorialCpp/build-gravity"/>
				<Option type="4"/>
				<MakeCommands>
					<Build command="/usr/bin/ninja -v rebuild_cache"/>
					<CompileFile command="/usr/bin/ninja -v &quot;$file&quot;"/>
					<Clean command="/usr/bin/ninja -v clean"/>
					<DistClean command="/usr/bin/ninja -v clean"/>
				</MakeCommands>
			</Target>
			<Target title="gravity">
				<Option output="/home/arnaud/dev/TutorialCpp/build-gravity/gravity" prefix_auto="0" extension_auto="0"/>
				<Option working_dir="/home/arnaud/dev/TutorialCpp/build-gravity"/>
				<Option object_output="./"/>
				<Option type="1"/>
				<Option compiler="gcc"/>
				<Compiler/>
				<MakeCommands>
					<Build command="/usr/bin/ninja -v gravity"/>
					<CompileFile command="/usr/bin/ninja -v &quot;$file&quot;"/>
					<Clean command="/usr/bin/ninja -v clean"/>
					<DistClean command="/usr/bin/ninja -v clean"/>
				</MakeCommands>
			</Target>
			<Target title="gravity/fast">
				<Option output="/home/arnaud/dev/TutorialCpp/build-gravity/gravity" prefix_auto="0" extension_auto="0"/>
				<Option working_dir="/home/arnaud/dev/TutorialCpp/build-gravity"/>
				<Option object_output="./"/>
				<Option type="1"/>
				<Option compiler="gcc"/>
				<Compiler/>
				<MakeCommands>
					<Build command="/usr/bin/ninja -v gravity/fast"/>
					<CompileFile command="/usr/bin/ninja -v &quot;$file&quot;"/>
					<Clean command="/usr/bin/ninja -v clean"/>
					<DistClean command="/usr/bin/ninja -v clean"/>
				</MakeCommands>
			</Target>
			<Target title="edit_cache">
				<Option working_dir="/home/arnaud/dev/TutorialCpp/build-gravity"/>
				<Option type="4"/>
				<MakeCommands>
					<Build command="/usr/bin/ninja -v edit_cache"/>
					<CompileFile command="/usr/bin/ninja -v &quot;$file&quot;"/>
					<Clean command="/usr/bin/ninja -v clean"/>
					<DistClean command="/usr/bin/ninja -v clean"/>
				</MakeCommands>
			</Target>
		</Build>
		<Unit filename="/home/arnaud/dev/TutorialCpp/gravity/constants.h">
			<Option target="gravity"/>
		</Unit>
		<Unit filename="/home/arnaud/dev/TutorialCpp/gravity/main.cpp">
			<Option target="gravity"/>
		</Unit>
		<Unit filename="/home/arnaud/dev/TutorialCpp/gravity/CMakeLists.txt">
			<Option virtualFolder="CMake Files\"/>
		</Unit>
	</Project>
</CodeBlocks_project_file>
